// !$*UTF8*$!
{
	archiveVersion = 1;
	classes = {
	};
	objectVersion = 55;
	objects = {

/* Begin PBXBuildFile section */
		401155F42793818B0095F1FA /* AppDelegate.swift in Sources */ = {isa = PBXBuildFile; fileRef = 401155F32793818B0095F1FA /* AppDelegate.swift */; };
		401155F62793818B0095F1FA /* SceneDelegate.swift in Sources */ = {isa = PBXBuildFile; fileRef = 401155F52793818B0095F1FA /* SceneDelegate.swift */; };
		401155F82793818B0095F1FA /* HomeViewController.swift in Sources */ = {isa = PBXBuildFile; fileRef = 401155F72793818B0095F1FA /* HomeViewController.swift */; };
		401155FB2793818B0095F1FA /* Main.storyboard in Resources */ = {isa = PBXBuildFile; fileRef = 401155F92793818B0095F1FA /* Main.storyboard */; };
		401155FD2793818C0095F1FA /* Assets.xcassets in Resources */ = {isa = PBXBuildFile; fileRef = 401155FC2793818C0095F1FA /* Assets.xcassets */; };
		401156002793818C0095F1FA /* LaunchScreen.storyboard in Resources */ = {isa = PBXBuildFile; fileRef = 401155FE2793818C0095F1FA /* LaunchScreen.storyboard */; };
		4011560B2793818C0095F1FA /* Mental_Well_BeingTests.swift in Sources */ = {isa = PBXBuildFile; fileRef = 4011560A2793818C0095F1FA /* Mental_Well_BeingTests.swift */; };
		401156152793818C0095F1FA /* Mental_Well_BeingUITests.swift in Sources */ = {isa = PBXBuildFile; fileRef = 401156142793818C0095F1FA /* Mental_Well_BeingUITests.swift */; };
		401156172793818C0095F1FA /* Mental_Well_BeingUITestsLaunchTests.swift in Sources */ = {isa = PBXBuildFile; fileRef = 401156162793818C0095F1FA /* Mental_Well_BeingUITestsLaunchTests.swift */; };
		4011562C2793925D0095F1FA /* ChatRoomViewController.swift in Sources */ = {isa = PBXBuildFile; fileRef = 4011562B2793925D0095F1FA /* ChatRoomViewController.swift */; };
		4011562E279392980095F1FA /* SettingViewController.swift in Sources */ = {isa = PBXBuildFile; fileRef = 4011562D279392980095F1FA /* SettingViewController.swift */; };
		40115633279393250095F1FA /* LoginViewController.swift in Sources */ = {isa = PBXBuildFile; fileRef = 40115632279393250095F1FA /* LoginViewController.swift */; };
		40115635279393320095F1FA /* RegistrationViewController.swift in Sources */ = {isa = PBXBuildFile; fileRef = 40115634279393320095F1FA /* RegistrationViewController.swift */; };
		401156372793935A0095F1FA /* PostViewController.swift in Sources */ = {isa = PBXBuildFile; fileRef = 401156362793935A0095F1FA /* PostViewController.swift */; };
		40115639279393AA0095F1FA /* EditProfileViewController.swift in Sources */ = {isa = PBXBuildFile; fileRef = 40115638279393AA0095F1FA /* EditProfileViewController.swift */; };
		4011563B279393BB0095F1FA /* ProfileViewController.swift in Sources */ = {isa = PBXBuildFile; fileRef = 4011563A279393BB0095F1FA /* ProfileViewController.swift */; };
		4011563D279394010095F1FA /* SearchViewController.swift in Sources */ = {isa = PBXBuildFile; fileRef = 4011563C279394010095F1FA /* SearchViewController.swift */; };
		4011563F2793940C0095F1FA /* SearchResultViewController.swift in Sources */ = {isa = PBXBuildFile; fileRef = 4011563E2793940C0095F1FA /* SearchResultViewController.swift */; };
/* End PBXBuildFile section */

/* Begin PBXContainerItemProxy section */
		401156072793818C0095F1FA /* PBXContainerItemProxy */ = {
			isa = PBXContainerItemProxy;
			containerPortal = 401155E82793818B0095F1FA /* Project object */;
			proxyType = 1;
			remoteGlobalIDString = 401155EF2793818B0095F1FA;
			remoteInfo = "Mental Well-Being";
		};
		401156112793818C0095F1FA /* PBXContainerItemProxy */ = {
			isa = PBXContainerItemProxy;
			containerPortal = 401155E82793818B0095F1FA /* Project object */;
			proxyType = 1;
			remoteGlobalIDString = 401155EF2793818B0095F1FA;
			remoteInfo = "Mental Well-Being";
		};
/* End PBXContainerItemProxy section */

/* Begin PBXFileReference section */
		401155F02793818B0095F1FA /* Mental Well-Being.app */ = {isa = PBXFileReference; explicitFileType = wrapper.application; includeInIndex = 0; path = "Mental Well-Being.app"; sourceTree = BUILT_PRODUCTS_DIR; };
		401155F32793818B0095F1FA /* AppDelegate.swift */ = {isa = PBXFileReference; lastKnownFileType = sourcecode.swift; path = AppDelegate.swift; sourceTree = "<group>"; };
		401155F52793818B0095F1FA /* SceneDelegate.swift */ = {isa = PBXFileReference; lastKnownFileType = sourcecode.swift; path = SceneDelegate.swift; sourceTree = "<group>"; };
		401155F72793818B0095F1FA /* HomeViewController.swift */ = {isa = PBXFileReference; lastKnownFileType = sourcecode.swift; path = HomeViewController.swift; sourceTree = "<group>"; };
		401155FA2793818B0095F1FA /* Base */ = {isa = PBXFileReference; lastKnownFileType = file.storyboard; name = Base; path = Base.lproj/Main.storyboard; sourceTree = "<group>"; };
		401155FC2793818C0095F1FA /* Assets.xcassets */ = {isa = PBXFileReference; lastKnownFileType = folder.assetcatalog; path = Assets.xcassets; sourceTree = "<group>"; };
		401155FF2793818C0095F1FA /* Base */ = {isa = PBXFileReference; lastKnownFileType = file.storyboard; name = Base; path = Base.lproj/LaunchScreen.storyboard; sourceTree = "<group>"; };
		401156012793818C0095F1FA /* Info.plist */ = {isa = PBXFileReference; lastKnownFileType = text.plist.xml; path = Info.plist; sourceTree = "<group>"; };
		401156062793818C0095F1FA /* Mental Well-BeingTests.xctest */ = {isa = PBXFileReference; explicitFileType = wrapper.cfbundle; includeInIndex = 0; path = "Mental Well-BeingTests.xctest"; sourceTree = BUILT_PRODUCTS_DIR; };
		4011560A2793818C0095F1FA /* Mental_Well_BeingTests.swift */ = {isa = PBXFileReference; lastKnownFileType = sourcecode.swift; path = Mental_Well_BeingTests.swift; sourceTree = "<group>"; };
		401156102793818C0095F1FA /* Mental Well-BeingUITests.xctest */ = {isa = PBXFileReference; explicitFileType = wrapper.cfbundle; includeInIndex = 0; path = "Mental Well-BeingUITests.xctest"; sourceTree = BUILT_PRODUCTS_DIR; };
		401156142793818C0095F1FA /* Mental_Well_BeingUITests.swift */ = {isa = PBXFileReference; lastKnownFileType = sourcecode.swift; path = Mental_Well_BeingUITests.swift; sourceTree = "<group>"; };
		401156162793818C0095F1FA /* Mental_Well_BeingUITestsLaunchTests.swift */ = {isa = PBXFileReference; lastKnownFileType = sourcecode.swift; path = Mental_Well_BeingUITestsLaunchTests.swift; sourceTree = "<group>"; };
		4011562B2793925D0095F1FA /* ChatRoomViewController.swift */ = {isa = PBXFileReference; lastKnownFileType = sourcecode.swift; path = ChatRoomViewController.swift; sourceTree = "<group>"; };
		4011562D279392980095F1FA /* SettingViewController.swift */ = {isa = PBXFileReference; lastKnownFileType = sourcecode.swift; path = SettingViewController.swift; sourceTree = "<group>"; };
		40115632279393250095F1FA /* LoginViewController.swift */ = {isa = PBXFileReference; lastKnownFileType = sourcecode.swift; path = LoginViewController.swift; sourceTree = "<group>"; };
		40115634279393320095F1FA /* RegistrationViewController.swift */ = {isa = PBXFileReference; lastKnownFileType = sourcecode.swift; path = RegistrationViewController.swift; sourceTree = "<group>"; };
		401156362793935A0095F1FA /* PostViewController.swift */ = {isa = PBXFileReference; lastKnownFileType = sourcecode.swift; path = PostViewController.swift; sourceTree = "<group>"; };
		40115638279393AA0095F1FA /* EditProfileViewController.swift */ = {isa = PBXFileReference; lastKnownFileType = sourcecode.swift; path = EditProfileViewController.swift; sourceTree = "<group>"; };
		4011563A279393BB0095F1FA /* ProfileViewController.swift */ = {isa = PBXFileReference; lastKnownFileType = sourcecode.swift; path = ProfileViewController.swift; sourceTree = "<group>"; };
		4011563C279394010095F1FA /* SearchViewController.swift */ = {isa = PBXFileReference; lastKnownFileType = sourcecode.swift; path = SearchViewController.swift; sourceTree = "<group>"; };
		4011563E2793940C0095F1FA /* SearchResultViewController.swift */ = {isa = PBXFileReference; lastKnownFileType = sourcecode.swift; path = SearchResultViewController.swift; sourceTree = "<group>"; };
/* End PBXFileReference section */

/* Begin PBXFrameworksBuildPhase section */
		401155ED2793818B0095F1FA /* Frameworks */ = {
			isa = PBXFrameworksBuildPhase;
			buildActionMask = 2147483647;
			files = (
			);
			runOnlyForDeploymentPostprocessing = 0;
		};
		401156032793818C0095F1FA /* Frameworks */ = {
			isa = PBXFrameworksBuildPhase;
			buildActionMask = 2147483647;
			files = (
			);
			runOnlyForDeploymentPostprocessing = 0;
		};
		4011560D2793818C0095F1FA /* Frameworks */ = {
			isa = PBXFrameworksBuildPhase;
			buildActionMask = 2147483647;
			files = (
			);
			runOnlyForDeploymentPostprocessing = 0;
		};
/* End PBXFrameworksBuildPhase section */

/* Begin PBXGroup section */
		401155E72793818B0095F1FA = {
			isa = PBXGroup;
			children = (
				401155F22793818B0095F1FA /* Mental Well-Being */,
				401156092793818C0095F1FA /* Mental Well-BeingTests */,
				401156132793818C0095F1FA /* Mental Well-BeingUITests */,
				401155F12793818B0095F1FA /* Products */,
			);
			sourceTree = "<group>";
		};
		401155F12793818B0095F1FA /* Products */ = {
			isa = PBXGroup;
			children = (
				401155F02793818B0095F1FA /* Mental Well-Being.app */,
				401156062793818C0095F1FA /* Mental Well-BeingTests.xctest */,
				401156102793818C0095F1FA /* Mental Well-BeingUITests.xctest */,
			);
			name = Products;
			sourceTree = "<group>";
		};
		401155F22793818B0095F1FA /* Mental Well-Being */ = {
			isa = PBXGroup;
			children = (
				4011562627938D770095F1FA /* Resources */,
				4011562527938D2D0095F1FA /* Models */,
				4011562427938D1D0095F1FA /* Views */,
				4011562327938CFB0095F1FA /* Controllers */,
				401156012793818C0095F1FA /* Info.plist */,
			);
			path = "Mental Well-Being";
			sourceTree = "<group>";
		};
		401156092793818C0095F1FA /* Mental Well-BeingTests */ = {
			isa = PBXGroup;
			children = (
				4011560A2793818C0095F1FA /* Mental_Well_BeingTests.swift */,
			);
			path = "Mental Well-BeingTests";
			sourceTree = "<group>";
		};
		401156132793818C0095F1FA /* Mental Well-BeingUITests */ = {
			isa = PBXGroup;
			children = (
				401156142793818C0095F1FA /* Mental_Well_BeingUITests.swift */,
				401156162793818C0095F1FA /* Mental_Well_BeingUITestsLaunchTests.swift */,
			);
			path = "Mental Well-BeingUITests";
			sourceTree = "<group>";
		};
		4011562327938CFB0095F1FA /* Controllers */ = {
			isa = PBXGroup;
			children = (
				40115630279393030095F1FA /* Other */,
				4011562F279392C90095F1FA /* Core Tabs */,
			);
			path = Controllers;
			sourceTree = "<group>";
		};
		4011562427938D1D0095F1FA /* Views */ = {
			isa = PBXGroup;
			children = (
				401155FC2793818C0095F1FA /* Assets.xcassets */,
				4011562827938F750095F1FA /* Storyboard */,
			);
			path = Views;
			sourceTree = "<group>";
		};
		4011562527938D2D0095F1FA /* Models */ = {
			isa = PBXGroup;
			children = (
			);
			path = Models;
			sourceTree = "<group>";
		};
		4011562627938D770095F1FA /* Resources */ = {
			isa = PBXGroup;
			children = (
				401155F32793818B0095F1FA /* AppDelegate.swift */,
				401155F52793818B0095F1FA /* SceneDelegate.swift */,
			);
			path = Resources;
			sourceTree = "<group>";
		};
		4011562827938F750095F1FA /* Storyboard */ = {
			isa = PBXGroup;
			children = (
				401155F92793818B0095F1FA /* Main.storyboard */,
				401155FE2793818C0095F1FA /* LaunchScreen.storyboard */,
			);
			path = Storyboard;
			sourceTree = "<group>";
		};
		4011562F279392C90095F1FA /* Core Tabs */ = {
			isa = PBXGroup;
			children = (
				401155F72793818B0095F1FA /* HomeViewController.swift */,
				4011563C279394010095F1FA /* SearchViewController.swift */,
				4011562B2793925D0095F1FA /* ChatRoomViewController.swift */,
				4011563A279393BB0095F1FA /* ProfileViewController.swift */,
			);
			path = "Core Tabs";
			sourceTree = "<group>";
		};
		40115630279393030095F1FA /* Other */ = {
			isa = PBXGroup;
			children = (
				401156312793930B0095F1FA /* Onboarding */,
				401156362793935A0095F1FA /* PostViewController.swift */,
				4011562D279392980095F1FA /* SettingViewController.swift */,
				40115638279393AA0095F1FA /* EditProfileViewController.swift */,
				4011563E2793940C0095F1FA /* SearchResultViewController.swift */,
			);
			path = Other;
			sourceTree = "<group>";
		};
		401156312793930B0095F1FA /* Onboarding */ = {
			isa = PBXGroup;
			children = (
				40115632279393250095F1FA /* LoginViewController.swift */,
				40115634279393320095F1FA /* RegistrationViewController.swift */,
			);
			path = Onboarding;
			sourceTree = "<group>";
		};
/* End PBXGroup section */

/* Begin PBXNativeTarget section */
		401155EF2793818B0095F1FA /* Mental Well-Being */ = {
			isa = PBXNativeTarget;
			buildConfigurationList = 4011561A2793818C0095F1FA /* Build configuration list for PBXNativeTarget "Mental Well-Being" */;
			buildPhases = (
				401155EC2793818B0095F1FA /* Sources */,
				401155ED2793818B0095F1FA /* Frameworks */,
				401155EE2793818B0095F1FA /* Resources */,
			);
			buildRules = (
			);
			dependencies = (
			);
			name = "Mental Well-Being";
			productName = "Mental Well-Being";
			productReference = 401155F02793818B0095F1FA /* Mental Well-Being.app */;
			productType = "com.apple.product-type.application";
		};
		401156052793818C0095F1FA /* Mental Well-BeingTests */ = {
			isa = PBXNativeTarget;
			buildConfigurationList = 4011561D2793818C0095F1FA /* Build configuration list for PBXNativeTarget "Mental Well-BeingTests" */;
			buildPhases = (
				401156022793818C0095F1FA /* Sources */,
				401156032793818C0095F1FA /* Frameworks */,
				401156042793818C0095F1FA /* Resources */,
			);
			buildRules = (
			);
			dependencies = (
				401156082793818C0095F1FA /* PBXTargetDependency */,
			);
			name = "Mental Well-BeingTests";
			productName = "Mental Well-BeingTests";
			productReference = 401156062793818C0095F1FA /* Mental Well-BeingTests.xctest */;
			productType = "com.apple.product-type.bundle.unit-test";
		};
		4011560F2793818C0095F1FA /* Mental Well-BeingUITests */ = {
			isa = PBXNativeTarget;
			buildConfigurationList = 401156202793818C0095F1FA /* Build configuration list for PBXNativeTarget "Mental Well-BeingUITests" */;
			buildPhases = (
				4011560C2793818C0095F1FA /* Sources */,
				4011560D2793818C0095F1FA /* Frameworks */,
				4011560E2793818C0095F1FA /* Resources */,
			);
			buildRules = (
			);
			dependencies = (
				401156122793818C0095F1FA /* PBXTargetDependency */,
			);
			name = "Mental Well-BeingUITests";
			productName = "Mental Well-BeingUITests";
			productReference = 401156102793818C0095F1FA /* Mental Well-BeingUITests.xctest */;
			productType = "com.apple.product-type.bundle.ui-testing";
		};
/* End PBXNativeTarget section */

/* Begin PBXProject section */
		401155E82793818B0095F1FA /* Project object */ = {
			isa = PBXProject;
			attributes = {
				BuildIndependentTargetsInParallel = 1;
				LastSwiftUpdateCheck = 1320;
				LastUpgradeCheck = 1320;
				TargetAttributes = {
					401155EF2793818B0095F1FA = {
						CreatedOnToolsVersion = 13.2.1;
					};
					401156052793818C0095F1FA = {
						CreatedOnToolsVersion = 13.2.1;
						TestTargetID = 401155EF2793818B0095F1FA;
					};
					4011560F2793818C0095F1FA = {
						CreatedOnToolsVersion = 13.2.1;
						TestTargetID = 401155EF2793818B0095F1FA;
					};
				};
			};
			buildConfigurationList = 401155EB2793818B0095F1FA /* Build configuration list for PBXProject "Mental Well-Being" */;
			compatibilityVersion = "Xcode 13.0";
			developmentRegion = en;
			hasScannedForEncodings = 0;
			knownRegions = (
				en,
				Base,
			);
			mainGroup = 401155E72793818B0095F1FA;
			productRefGroup = 401155F12793818B0095F1FA /* Products */;
			projectDirPath = "";
			projectRoot = "";
			targets = (
				401155EF2793818B0095F1FA /* Mental Well-Being */,
				401156052793818C0095F1FA /* Mental Well-BeingTests */,
				4011560F2793818C0095F1FA /* Mental Well-BeingUITests */,
			);
		};
/* End PBXProject section */

/* Begin PBXResourcesBuildPhase section */
		401155EE2793818B0095F1FA /* Resources */ = {
			isa = PBXResourcesBuildPhase;
			buildActionMask = 2147483647;
			files = (
				401156002793818C0095F1FA /* LaunchScreen.storyboard in Resources */,
				401155FD2793818C0095F1FA /* Assets.xcassets in Resources */,
				401155FB2793818B0095F1FA /* Main.storyboard in Resources */,
			);
			runOnlyForDeploymentPostprocessing = 0;
		};
		401156042793818C0095F1FA /* Resources */ = {
			isa = PBXResourcesBuildPhase;
			buildActionMask = 2147483647;
			files = (
			);
			runOnlyForDeploymentPostprocessing = 0;
		};
		4011560E2793818C0095F1FA /* Resources */ = {
			isa = PBXResourcesBuildPhase;
			buildActionMask = 2147483647;
			files = (
			);
			runOnlyForDeploymentPostprocessing = 0;
		};
/* End PBXResourcesBuildPhase section */

/* Begin PBXSourcesBuildPhase section */
		401155EC2793818B0095F1FA /* Sources */ = {
			isa = PBXSourcesBuildPhase;
			buildActionMask = 2147483647;
			files = (
				401156372793935A0095F1FA /* PostViewController.swift in Sources */,
				40115633279393250095F1FA /* LoginViewController.swift in Sources */,
				40115635279393320095F1FA /* RegistrationViewController.swift in Sources */,
				401155F82793818B0095F1FA /* HomeViewController.swift in Sources */,
				4011562C2793925D0095F1FA /* ChatRoomViewController.swift in Sources */,
				4011563D279394010095F1FA /* SearchViewController.swift in Sources */,
				4011563B279393BB0095F1FA /* ProfileViewController.swift in Sources */,
				401155F42793818B0095F1FA /* AppDelegate.swift in Sources */,
				401155F62793818B0095F1FA /* SceneDelegate.swift in Sources */,
				40115639279393AA0095F1FA /* EditProfileViewController.swift in Sources */,
				4011563F2793940C0095F1FA /* SearchResultViewController.swift in Sources */,
				4011562E279392980095F1FA /* SettingViewController.swift in Sources */,
			);
			runOnlyForDeploymentPostprocessing = 0;
		};
		401156022793818C0095F1FA /* Sources */ = {
			isa = PBXSourcesBuildPhase;
			buildActionMask = 2147483647;
			files = (
				4011560B2793818C0095F1FA /* Mental_Well_BeingTests.swift in Sources */,
			);
			runOnlyForDeploymentPostprocessing = 0;
		};
		4011560C2793818C0095F1FA /* Sources */ = {
			isa = PBXSourcesBuildPhase;
			buildActionMask = 2147483647;
			files = (
				401156152793818C0095F1FA /* Mental_Well_BeingUITests.swift in Sources */,
				401156172793818C0095F1FA /* Mental_Well_BeingUITestsLaunchTests.swift in Sources */,
			);
			runOnlyForDeploymentPostprocessing = 0;
		};
/* End PBXSourcesBuildPhase section */

/* Begin PBXTargetDependency section */
		401156082793818C0095F1FA /* PBXTargetDependency */ = {
			isa = PBXTargetDependency;
			target = 401155EF2793818B0095F1FA /* Mental Well-Being */;
			targetProxy = 401156072793818C0095F1FA /* PBXContainerItemProxy */;
		};
		401156122793818C0095F1FA /* PBXTargetDependency */ = {
			isa = PBXTargetDependency;
			target = 401155EF2793818B0095F1FA /* Mental Well-Being */;
			targetProxy = 401156112793818C0095F1FA /* PBXContainerItemProxy */;
		};
/* End PBXTargetDependency section */

/* Begin PBXVariantGroup section */
		401155F92793818B0095F1FA /* Main.storyboard */ = {
			isa = PBXVariantGroup;
			children = (
				401155FA2793818B0095F1FA /* Base */,
			);
			name = Main.storyboard;
			sourceTree = "<group>";
		};
		401155FE2793818C0095F1FA /* LaunchScreen.storyboard */ = {
			isa = PBXVariantGroup;
			children = (
				401155FF2793818C0095F1FA /* Base */,
			);
			name = LaunchScreen.storyboard;
			sourceTree = "<group>";
		};
/* End PBXVariantGroup section */

/* Begin XCBuildConfiguration section */
		401156182793818C0095F1FA /* Debug */ = {
			isa = XCBuildConfiguration;
			buildSettings = {
				ALWAYS_SEARCH_USER_PATHS = NO;
				CLANG_ANALYZER_NONNULL = YES;
				CLANG_ANALYZER_NUMBER_OBJECT_CONVERSION = YES_AGGRESSIVE;
				CLANG_CXX_LANGUAGE_STANDARD = "gnu++17";
				CLANG_CXX_LIBRARY = "libc++";
				CLANG_ENABLE_MODULES = YES;
				CLANG_ENABLE_OBJC_ARC = YES;
				CLANG_ENABLE_OBJC_WEAK = YES;
				CLANG_WARN_BLOCK_CAPTURE_AUTORELEASING = YES;
				CLANG_WARN_BOOL_CONVERSION = YES;
				CLANG_WARN_COMMA = YES;
				CLANG_WARN_CONSTANT_CONVERSION = YES;
				CLANG_WARN_DEPRECATED_OBJC_IMPLEMENTATIONS = YES;
				CLANG_WARN_DIRECT_OBJC_ISA_USAGE = YES_ERROR;
				CLANG_WARN_DOCUMENTATION_COMMENTS = YES;
				CLANG_WARN_EMPTY_BODY = YES;
				CLANG_WARN_ENUM_CONVERSION = YES;
				CLANG_WARN_INFINITE_RECURSION = YES;
				CLANG_WARN_INT_CONVERSION = YES;
				CLANG_WARN_NON_LITERAL_NULL_CONVERSION = YES;
				CLANG_WARN_OBJC_IMPLICIT_RETAIN_SELF = YES;
				CLANG_WARN_OBJC_LITERAL_CONVERSION = YES;
				CLANG_WARN_OBJC_ROOT_CLASS = YES_ERROR;
				CLANG_WARN_QUOTED_INCLUDE_IN_FRAMEWORK_HEADER = YES;
				CLANG_WARN_RANGE_LOOP_ANALYSIS = YES;
				CLANG_WARN_STRICT_PROTOTYPES = YES;
				CLANG_WARN_SUSPICIOUS_MOVE = YES;
				CLANG_WARN_UNGUARDED_AVAILABILITY = YES_AGGRESSIVE;
				CLANG_WARN_UNREACHABLE_CODE = YES;
				CLANG_WARN__DUPLICATE_METHOD_MATCH = YES;
				COPY_PHASE_STRIP = NO;
				DEBUG_INFORMATION_FORMAT = dwarf;
				ENABLE_STRICT_OBJC_MSGSEND = YES;
				ENABLE_TESTABILITY = YES;
				GCC_C_LANGUAGE_STANDARD = gnu11;
				GCC_DYNAMIC_NO_PIC = NO;
				GCC_NO_COMMON_BLOCKS = YES;
				GCC_OPTIMIZATION_LEVEL = 0;
				GCC_PREPROCESSOR_DEFINITIONS = (
					"DEBUG=1",
					"$(inherited)",
				);
				GCC_WARN_64_TO_32_BIT_CONVERSION = YES;
				GCC_WARN_ABOUT_RETURN_TYPE = YES_ERROR;
				GCC_WARN_UNDECLARED_SELECTOR = YES;
				GCC_WARN_UNINITIALIZED_AUTOS = YES_AGGRESSIVE;
				GCC_WARN_UNUSED_FUNCTION = YES;
				GCC_WARN_UNUSED_VARIABLE = YES;
				IPHONEOS_DEPLOYMENT_TARGET = 15.2;
				MTL_ENABLE_DEBUG_INFO = INCLUDE_SOURCE;
				MTL_FAST_MATH = YES;
				ONLY_ACTIVE_ARCH = YES;
				SDKROOT = iphoneos;
				SWIFT_ACTIVE_COMPILATION_CONDITIONS = DEBUG;
				SWIFT_OPTIMIZATION_LEVEL = "-Onone";
			};
			name = Debug;
		};
		401156192793818C0095F1FA /* Release */ = {
			isa = XCBuildConfiguration;
			buildSettings = {
				ALWAYS_SEARCH_USER_PATHS = NO;
				CLANG_ANALYZER_NONNULL = YES;
				CLANG_ANALYZER_NUMBER_OBJECT_CONVERSION = YES_AGGRESSIVE;
				CLANG_CXX_LANGUAGE_STANDARD = "gnu++17";
				CLANG_CXX_LIBRARY = "libc++";
				CLANG_ENABLE_MODULES = YES;
				CLANG_ENABLE_OBJC_ARC = YES;
				CLANG_ENABLE_OBJC_WEAK = YES;
				CLANG_WARN_BLOCK_CAPTURE_AUTORELEASING = YES;
				CLANG_WARN_BOOL_CONVERSION = YES;
				CLANG_WARN_COMMA = YES;
				CLANG_WARN_CONSTANT_CONVERSION = YES;
				CLANG_WARN_DEPRECATED_OBJC_IMPLEMENTATIONS = YES;
				CLANG_WARN_DIRECT_OBJC_ISA_USAGE = YES_ERROR;
				CLANG_WARN_DOCUMENTATION_COMMENTS = YES;
				CLANG_WARN_EMPTY_BODY = YES;
				CLANG_WARN_ENUM_CONVERSION = YES;
				CLANG_WARN_INFINITE_RECURSION = YES;
				CLANG_WARN_INT_CONVERSION = YES;
				CLANG_WARN_NON_LITERAL_NULL_CONVERSION = YES;
				CLANG_WARN_OBJC_IMPLICIT_RETAIN_SELF = YES;
				CLANG_WARN_OBJC_LITERAL_CONVERSION = YES;
				CLANG_WARN_OBJC_ROOT_CLASS = YES_ERROR;
				CLANG_WARN_QUOTED_INCLUDE_IN_FRAMEWORK_HEADER = YES;
				CLANG_WARN_RANGE_LOOP_ANALYSIS = YES;
				CLANG_WARN_STRICT_PROTOTYPES = YES;
				CLANG_WARN_SUSPICIOUS_MOVE = YES;
				CLANG_WARN_UNGUARDED_AVAILABILITY = YES_AGGRESSIVE;
				CLANG_WARN_UNREACHABLE_CODE = YES;
				CLANG_WARN__DUPLICATE_METHOD_MATCH = YES;
				COPY_PHASE_STRIP = NO;
				DEBUG_INFORMATION_FORMAT = "dwarf-with-dsym";
				ENABLE_NS_ASSERTIONS = NO;
				ENABLE_STRICT_OBJC_MSGSEND = YES;
				GCC_C_LANGUAGE_STANDARD = gnu11;
				GCC_NO_COMMON_BLOCKS = YES;
				GCC_WARN_64_TO_32_BIT_CONVERSION = YES;
				GCC_WARN_ABOUT_RETURN_TYPE = YES_ERROR;
				GCC_WARN_UNDECLARED_SELECTOR = YES;
				GCC_WARN_UNINITIALIZED_AUTOS = YES_AGGRESSIVE;
				GCC_WARN_UNUSED_FUNCTION = YES;
				GCC_WARN_UNUSED_VARIABLE = YES;
				IPHONEOS_DEPLOYMENT_TARGET = 15.2;
				MTL_ENABLE_DEBUG_INFO = NO;
				MTL_FAST_MATH = YES;
				SDKROOT = iphoneos;
				SWIFT_COMPILATION_MODE = wholemodule;
				SWIFT_OPTIMIZATION_LEVEL = "-O";
				VALIDATE_PRODUCT = YES;
			};
			name = Release;
		};
		4011561B2793818C0095F1FA /* Debug */ = {
			isa = XCBuildConfiguration;
			buildSettings = {
				ASSETCATALOG_COMPILER_APPICON_NAME = AppIcon;
				ASSETCATALOG_COMPILER_GLOBAL_ACCENT_COLOR_NAME = AccentColor;
				CODE_SIGN_STYLE = Automatic;
				CURRENT_PROJECT_VERSION = 1;
				DEVELOPMENT_TEAM = BP3WQP8J7Y;
				GENERATE_INFOPLIST_FILE = YES;
				INFOPLIST_FILE = "Mental Well-Being/Info.plist";
				INFOPLIST_KEY_UIApplicationSupportsIndirectInputEvents = YES;
				INFOPLIST_KEY_UILaunchStoryboardName = LaunchScreen;
				INFOPLIST_KEY_UIMainStoryboardFile = Main;
				INFOPLIST_KEY_UISupportedInterfaceOrientations_iPad = "UIInterfaceOrientationPortrait UIInterfaceOrientationPortraitUpsideDown UIInterfaceOrientationLandscapeLeft UIInterfaceOrientationLandscapeRight";
				INFOPLIST_KEY_UISupportedInterfaceOrientations_iPhone = "UIInterfaceOrientationPortrait UIInterfaceOrientationLandscapeLeft UIInterfaceOrientationLandscapeRight";
				LD_RUNPATH_SEARCH_PATHS = (
					"$(inherited)",
					"@executable_path/Frameworks",
				);
				MARKETING_VERSION = 1.0;
				PRODUCT_BUNDLE_IDENTIFIER = "Tina.com.Mental-Well-Being";
				PRODUCT_NAME = "$(TARGET_NAME)";
				SWIFT_EMIT_LOC_STRINGS = YES;
				SWIFT_VERSION = 5.0;
				TARGETED_DEVICE_FAMILY = "1,2";
			};
			name = Debug;
		};
		4011561C2793818C0095F1FA /* Release */ = {
			isa = XCBuildConfiguration;
			buildSettings = {
				ASSETCATALOG_COMPILER_APPICON_NAME = AppIcon;
				ASSETCATALOG_COMPILER_GLOBAL_ACCENT_COLOR_NAME = AccentColor;
				CODE_SIGN_STYLE = Automatic;
				CURRENT_PROJECT_VERSION = 1;
				DEVELOPMENT_TEAM = BP3WQP8J7Y;
				GENERATE_INFOPLIST_FILE = YES;
				INFOPLIST_FILE = "Mental Well-Being/Info.plist";
				INFOPLIST_KEY_UIApplicationSupportsIndirectInputEvents = YES;
				INFOPLIST_KEY_UILaunchStoryboardName = LaunchScreen;
				INFOPLIST_KEY_UIMainStoryboardFile = Main;
				INFOPLIST_KEY_UISupportedInterfaceOrientations_iPad = "UIInterfaceOrientationPortrait UIInterfaceOrientationPortraitUpsideDown UIInterfaceOrientationLandscapeLeft UIInterfaceOrientationLandscapeRight";
				INFOPLIST_KEY_UISupportedInterfaceOrientations_iPhone = "UIInterfaceOrientationPortrait UIInterfaceOrientationLandscapeLeft UIInterfaceOrientationLandscapeRight";
				LD_RUNPATH_SEARCH_PATHS = (
					"$(inherited)",
					"@executable_path/Frameworks",
				);
				MARKETING_VERSION = 1.0;
				PRODUCT_BUNDLE_IDENTIFIER = "Tina.com.Mental-Well-Being";
				PRODUCT_NAME = "$(TARGET_NAME)";
				SWIFT_EMIT_LOC_STRINGS = YES;
				SWIFT_VERSION = 5.0;
				TARGETED_DEVICE_FAMILY = "1,2";
			};
			name = Release;
		};
		4011561E2793818C0095F1FA /* Debug */ = {
			isa = XCBuildConfiguration;
			buildSettings = {
				ALWAYS_EMBED_SWIFT_STANDARD_LIBRARIES = YES;
				BUNDLE_LOADER = "$(TEST_HOST)";
				CODE_SIGN_STYLE = Automatic;
				CURRENT_PROJECT_VERSION = 1;
				DEVELOPMENT_TEAM = BP3WQP8J7Y;
				GENERATE_INFOPLIST_FILE = YES;
				IPHONEOS_DEPLOYMENT_TARGET = 15.2;
				MARKETING_VERSION = 1.0;
				PRODUCT_BUNDLE_IDENTIFIER = "Tina.com.Mental-Well-BeingTests";
				PRODUCT_NAME = "$(TARGET_NAME)";
				SWIFT_EMIT_LOC_STRINGS = NO;
				SWIFT_VERSION = 5.0;
				TARGETED_DEVICE_FAMILY = "1,2";
				TEST_HOST = "$(BUILT_PRODUCTS_DIR)/Mental Well-Being.app/Mental Well-Being";
			};
			name = Debug;
		};
		4011561F2793818C0095F1FA /* Release */ = {
			isa = XCBuildConfiguration;
			buildSettings = {
				ALWAYS_EMBED_SWIFT_STANDARD_LIBRARIES = YES;
				BUNDLE_LOADER = "$(TEST_HOST)";
				CODE_SIGN_STYLE = Automatic;
				CURRENT_PROJECT_VERSION = 1;
				DEVELOPMENT_TEAM = BP3WQP8J7Y;
				GENERATE_INFOPLIST_FILE = YES;
				IPHONEOS_DEPLOYMENT_TARGET = 15.2;
				MARKETING_VERSION = 1.0;
				PRODUCT_BUNDLE_IDENTIFIER = "Tina.com.Mental-Well-BeingTests";
				PRODUCT_NAME = "$(TARGET_NAME)";
				SWIFT_EMIT_LOC_STRINGS = NO;
				SWIFT_VERSION = 5.0;
				TARGETED_DEVICE_FAMILY = "1,2";
				TEST_HOST = "$(BUILT_PRODUCTS_DIR)/Mental Well-Being.app/Mental Well-Being";
			};
			name = Release;
		};
		401156212793818C0095F1FA /* Debug */ = {
			isa = XCBuildConfiguration;
			buildSettings = {
				ALWAYS_EMBED_SWIFT_STANDARD_LIBRARIES = YES;
				CODE_SIGN_STYLE = Automatic;
				CURRENT_PROJECT_VERSION = 1;
				DEVELOPMENT_TEAM = BP3WQP8J7Y;
				GENERATE_INFOPLIST_FILE = YES;
				MARKETING_VERSION = 1.0;
				PRODUCT_BUNDLE_IDENTIFIER = "Tina.com.Mental-Well-BeingUITests";
				PRODUCT_NAME = "$(TARGET_NAME)";
				SWIFT_EMIT_LOC_STRINGS = NO;
				SWIFT_VERSION = 5.0;
				TARGETED_DEVICE_FAMILY = "1,2";
				TEST_TARGET_NAME = "Mental Well-Being";
			};
			name = Debug;
		};
		401156222793818C0095F1FA /* Release */ = {
			isa = XCBuildConfiguration;
			buildSettings = {
				ALWAYS_EMBED_SWIFT_STANDARD_LIBRARIES = YES;
				CODE_SIGN_STYLE = Automatic;
				CURRENT_PROJECT_VERSION = 1;
				DEVELOPMENT_TEAM = BP3WQP8J7Y;
				GENERATE_INFOPLIST_FILE = YES;
				MARKETING_VERSION = 1.0;
				PRODUCT_BUNDLE_IDENTIFIER = "Tina.com.Mental-Well-BeingUITests";
				PRODUCT_NAME = "$(TARGET_NAME)";
				SWIFT_EMIT_LOC_STRINGS = NO;
				SWIFT_VERSION = 5.0;
				TARGETED_DEVICE_FAMILY = "1,2";
				TEST_TARGET_NAME = "Mental Well-Being";
			};
			name = Release;
		};
/* End XCBuildConfiguration section */

/* Begin XCConfigurationList section */
		401155EB2793818B0095F1FA /* Build configuration list for PBXProject "Mental Well-Being" */ = {
			isa = XCConfigurationList;
			buildConfigurations = (
				401156182793818C0095F1FA /* Debug */,
				401156192793818C0095F1FA /* Release */,
			);
			defaultConfigurationIsVisible = 0;
			defaultConfigurationName = Release;
		};
		4011561A2793818C0095F1FA /* Build configuration list for PBXNativeTarget "Mental Well-Being" */ = {
			isa = XCConfigurationList;
			buildConfigurations = (
				4011561B2793818C0095F1FA /* Debug */,
				4011561C2793818C0095F1FA /* Release */,
			);
			defaultConfigurationIsVisible = 0;
			defaultConfigurationName = Release;
		};
		4011561D2793818C0095F1FA /* Build configuration list for PBXNativeTarget "Mental Well-BeingTests" */ = {
			isa = XCConfigurationList;
			buildConfigurations = (
				4011561E2793818C0095F1FA /* Debug */,
				4011561F2793818C0095F1FA /* Release */,
			);
			defaultConfigurationIsVisible = 0;
			defaultConfigurationName = Release;
		};
		401156202793818C0095F1FA /* Build configuration list for PBXNativeTarget "Mental Well-BeingUITests" */ = {
			isa = XCConfigurationList;
			buildConfigurations = (
				401156212793818C0095F1FA /* Debug */,
				401156222793818C0095F1FA /* Release */,
			);
			defaultConfigurationIsVisible = 0;
			defaultConfigurationName = Release;
		};
/* End XCConfigurationList section */
	};
	rootObject = 401155E82793818B0095F1FA /* Project object */;
}
